
Microsoft Visual Studio Solution File, Format Version 12.00
# Visual Studio Version 16
VisualStudioVersion = 16.0.33027.164
MinimumVisualStudioVersion = 10.0.40219.1
Project("{FAE04EC0-301F-11D3-BF4B-00C04F79EFBC}") = "Interface", "Interface.csproj", "{974F4F11-1525-4FB3-A03C-B319ED2EFDA2}"
EndProject
Global
	GlobalSection(SolutionConfigurationPlatforms) = preSolution
		Debug|Any CPU = Debug|Any CPU
		Release|Any CPU = Release|Any CPU
	EndGlobalSection
	GlobalSection(ProjectConfigurationPlatforms) = postSolution
		{974F4F11-1525-4FB3-A03C-B319ED2EFDA2}.Debug|Any CPU.ActiveCfg = Debug|Any CPU
		{974F4F11-1525-4FB3-A03C-B319ED2EFDA2}.Debug|Any CPU.Build.0 = Debug|Any CPU
		{974F4F11-1525-4FB3-A03C-B319ED2EFDA2}.Release|Any CPU.ActiveCfg = Release|Any CPU
		{974F4F11-1525-4FB3-A03C-B319ED2EFDA2}.Release|Any CPU.Build.0 = Release|Any CPU
	EndGlobalSection
	GlobalSection(SolutionProperties) = preSolution
		HideSolutionNode = FALSE
	EndGlobalSection
	GlobalSection(ExtensibilityGlobals) = postSolution
		SolutionGuid = {CD4EB2A8-E32C-4936-8901-91FB5AE5B2C1}
	EndGlobalSection
EndGlobal
